// !$*UTF8*$!
{
	archiveVersion = 1;
	classes = {
	};
	objectVersion = 56;
	objects = {

/* Begin PBXBuildFile section */
		F95DB11B2AAC922D0093ECBD /* Your_FinancesApp.swift in Sources */ = {isa = PBXBuildFile; fileRef = F95DB11A2AAC922D0093ECBD /* Your_FinancesApp.swift */; };
		F95DB11D2AAC922D0093ECBD /* ContentView.swift in Sources */ = {isa = PBXBuildFile; fileRef = F95DB11C2AAC922D0093ECBD /* ContentView.swift */; };
		F95DB11F2AAC922F0093ECBD /* Assets.xcassets in Resources */ = {isa = PBXBuildFile; fileRef = F95DB11E2AAC922F0093ECBD /* Assets.xcassets */; };
		F95DB1222AAC922F0093ECBD /* Preview Assets.xcassets in Resources */ = {isa = PBXBuildFile; fileRef = F95DB1212AAC922F0093ECBD /* Preview Assets.xcassets */; };
		F95DB12D2AAC95860093ECBD /* HeaderView.swift in Sources */ = {isa = PBXBuildFile; fileRef = F95DB12C2AAC95860093ECBD /* HeaderView.swift */; };
		F95DB12F2AAC9CC80093ECBD /* BalanceView.swift in Sources */ = {isa = PBXBuildFile; fileRef = F95DB12E2AAC9CC80093ECBD /* BalanceView.swift */; };
		F95DB1312AAC9E410093ECBD /* BalancesView.swift in Sources */ = {isa = PBXBuildFile; fileRef = F95DB1302AAC9E410093ECBD /* BalancesView.swift */; };
		F95DB1342AACA96B0093ECBD /* CircleItem.swift in Sources */ = {isa = PBXBuildFile; fileRef = F95DB1332AACA96B0093ECBD /* CircleItem.swift */; };
		F95DB1372AACA9FD0093ECBD /* IsPix.swift in Sources */ = {isa = PBXBuildFile; fileRef = F95DB1362AACA9FD0093ECBD /* IsPix.swift */; };
		F95DB1392AACAA7E0093ECBD /* Balance.swift in Sources */ = {isa = PBXBuildFile; fileRef = F95DB1382AACAA7E0093ECBD /* Balance.swift */; };
		F95DB13B2AACAB160093ECBD /* Service.swift in Sources */ = {isa = PBXBuildFile; fileRef = F95DB13A2AACAB160093ECBD /* Service.swift */; };
		F95DB13D2AACAD130093ECBD /* Moviment.swift in Sources */ = {isa = PBXBuildFile; fileRef = F95DB13C2AACAD130093ECBD /* Moviment.swift */; };
		F95DB13F2AACC7DF0093ECBD /* Date.swift in Sources */ = {isa = PBXBuildFile; fileRef = F95DB13E2AACC7DE0093ECBD /* Date.swift */; };
/* End PBXBuildFile section */

/* Begin PBXFileReference section */
		F95DB1172AAC922D0093ECBD /* Your Finances.app */ = {isa = PBXFileReference; explicitFileType = wrapper.application; includeInIndex = 0; path = "Your Finances.app"; sourceTree = BUILT_PRODUCTS_DIR; };
		F95DB11A2AAC922D0093ECBD /* Your_FinancesApp.swift */ = {isa = PBXFileReference; lastKnownFileType = sourcecode.swift; path = Your_FinancesApp.swift; sourceTree = "<group>"; };
		F95DB11C2AAC922D0093ECBD /* ContentView.swift */ = {isa = PBXFileReference; lastKnownFileType = sourcecode.swift; path = ContentView.swift; sourceTree = "<group>"; };
		F95DB11E2AAC922F0093ECBD /* Assets.xcassets */ = {isa = PBXFileReference; lastKnownFileType = folder.assetcatalog; path = Assets.xcassets; sourceTree = "<group>"; };
		F95DB1212AAC922F0093ECBD /* Preview Assets.xcassets */ = {isa = PBXFileReference; lastKnownFileType = folder.assetcatalog; path = "Preview Assets.xcassets"; sourceTree = "<group>"; };
		F95DB12C2AAC95860093ECBD /* HeaderView.swift */ = {isa = PBXFileReference; lastKnownFileType = sourcecode.swift; path = HeaderView.swift; sourceTree = "<group>"; };
		F95DB12E2AAC9CC80093ECBD /* BalanceView.swift */ = {isa = PBXFileReference; lastKnownFileType = sourcecode.swift; path = BalanceView.swift; sourceTree = "<group>"; };
		F95DB1302AAC9E410093ECBD /* BalancesView.swift */ = {isa = PBXFileReference; lastKnownFileType = sourcecode.swift; path = BalancesView.swift; sourceTree = "<group>"; };
		F95DB1332AACA96B0093ECBD /* CircleItem.swift */ = {isa = PBXFileReference; lastKnownFileType = sourcecode.swift; path = CircleItem.swift; sourceTree = "<group>"; };
		F95DB1362AACA9FD0093ECBD /* IsPix.swift */ = {isa = PBXFileReference; lastKnownFileType = sourcecode.swift; path = IsPix.swift; sourceTree = "<group>"; };
		F95DB1382AACAA7E0093ECBD /* Balance.swift */ = {isa = PBXFileReference; lastKnownFileType = sourcecode.swift; path = Balance.swift; sourceTree = "<group>"; };
		F95DB13A2AACAB160093ECBD /* Service.swift */ = {isa = PBXFileReference; lastKnownFileType = sourcecode.swift; path = Service.swift; sourceTree = "<group>"; };
		F95DB13C2AACAD130093ECBD /* Moviment.swift */ = {isa = PBXFileReference; lastKnownFileType = sourcecode.swift; path = Moviment.swift; sourceTree = "<group>"; };
		F95DB13E2AACC7DE0093ECBD /* Date.swift */ = {isa = PBXFileReference; lastKnownFileType = sourcecode.swift; path = Date.swift; sourceTree = "<group>"; };
/* End PBXFileReference section */

/* Begin PBXFrameworksBuildPhase section */
		F95DB1142AAC922D0093ECBD /* Frameworks */ = {
			isa = PBXFrameworksBuildPhase;
			buildActionMask = 2147483647;
			files = (
			);
			runOnlyForDeploymentPostprocessing = 0;
		};
/* End PBXFrameworksBuildPhase section */

/* Begin PBXGroup section */
		F95DB10E2AAC922D0093ECBD = {
			isa = PBXGroup;
			children = (
				F95DB1192AAC922D0093ECBD /* Your Finances */,
				F95DB1182AAC922D0093ECBD /* Products */,
			);
			sourceTree = "<group>";
		};
		F95DB1182AAC922D0093ECBD /* Products */ = {
			isa = PBXGroup;
			children = (
				F95DB1172AAC922D0093ECBD /* Your Finances.app */,
			);
			name = Products;
			sourceTree = "<group>";
		};
		F95DB1192AAC922D0093ECBD /* Your Finances */ = {
			isa = PBXGroup;
			children = (
				F95DB1322AACA93E0093ECBD /* Components */,
				F95DB1282AAC926A0093ECBD /* Models */,
				F95DB1292AAC92910093ECBD /* Views */,
				F95DB12A2AAC92AA0093ECBD /* Services */,
				F95DB12B2AAC92B70093ECBD /* Resources */,
				F95DB11A2AAC922D0093ECBD /* Your_FinancesApp.swift */,
			);
			path = "Your Finances";
			sourceTree = "<group>";
		};
		F95DB1202AAC922F0093ECBD /* Preview Content */ = {
			isa = PBXGroup;
			children = (
				F95DB1212AAC922F0093ECBD /* Preview Assets.xcassets */,
			);
			path = "Preview Content";
			sourceTree = "<group>";
		};
		F95DB1282AAC926A0093ECBD /* Models */ = {
			isa = PBXGroup;
			children = (
				F95DB1382AACAA7E0093ECBD /* Balance.swift */,
				F95DB13C2AACAD130093ECBD /* Moviment.swift */,
			);
			path = Models;
			sourceTree = "<group>";
		};
		F95DB1292AAC92910093ECBD /* Views */ = {
			isa = PBXGroup;
			children = (
				F95DB11C2AAC922D0093ECBD /* ContentView.swift */,
				F95DB12C2AAC95860093ECBD /* HeaderView.swift */,
				F95DB12E2AAC9CC80093ECBD /* BalanceView.swift */,
				F95DB1302AAC9E410093ECBD /* BalancesView.swift */,
			);
			path = Views;
			sourceTree = "<group>";
		};
		F95DB12A2AAC92AA0093ECBD /* Services */ = {
			isa = PBXGroup;
			children = (
				F95DB13A2AACAB160093ECBD /* Service.swift */,
			);
			path = Services;
			sourceTree = "<group>";
		};
		F95DB12B2AAC92B70093ECBD /* Resources */ = {
			isa = PBXGroup;
			children = (
				F95DB11E2AAC922F0093ECBD /* Assets.xcassets */,
				F95DB1202AAC922F0093ECBD /* Preview Content */,
			);
			path = Resources;
			sourceTree = "<group>";
		};
		F95DB1322AACA93E0093ECBD /* Components */ = {
			isa = PBXGroup;
			children = (
				F95DB1332AACA96B0093ECBD /* CircleItem.swift */,
				F95DB1362AACA9FD0093ECBD /* IsPix.swift */,
				F95DB13E2AACC7DE0093ECBD /* Date.swift */,
			);
			path = Components;
			sourceTree = "<group>";
		};
/* End PBXGroup section */

/* Begin PBXNativeTarget section */
		F95DB1162AAC922D0093ECBD /* Your Finances */ = {
			isa = PBXNativeTarget;
			buildConfigurationList = F95DB1252AAC922F0093ECBD /* Build configuration list for PBXNativeTarget "Your Finances" */;
			buildPhases = (
				F95DB1132AAC922D0093ECBD /* Sources */,
				F95DB1142AAC922D0093ECBD /* Frameworks */,
				F95DB1152AAC922D0093ECBD /* Resources */,
			);
			buildRules = (
			);
			dependencies = (
			);
			name = "Your Finances";
			productName = "Your Finances";
			productReference = F95DB1172AAC922D0093ECBD /* Your Finances.app */;
			productType = "com.apple.product-type.application";
		};
/* End PBXNativeTarget section */

/* Begin PBXProject section */
		F95DB10F2AAC922D0093ECBD /* Project object */ = {
			isa = PBXProject;
			attributes = {
				BuildIndependentTargetsInParallel = 1;
				LastSwiftUpdateCheck = 1410;
				LastUpgradeCheck = 1410;
				TargetAttributes = {
					F95DB1162AAC922D0093ECBD = {
						CreatedOnToolsVersion = 14.1;
					};
				};
			};
			buildConfigurationList = F95DB1122AAC922D0093ECBD /* Build configuration list for PBXProject "Your Finances" */;
			compatibilityVersion = "Xcode 14.0";
			developmentRegion = en;
			hasScannedForEncodings = 0;
			knownRegions = (
				en,
				Base,
			);
			mainGroup = F95DB10E2AAC922D0093ECBD;
			productRefGroup = F95DB1182AAC922D0093ECBD /* Products */;
			projectDirPath = "";
			projectRoot = "";
			targets = (
				F95DB1162AAC922D0093ECBD /* Your Finances */,
			);
		};
/* End PBXProject section */

/* Begin PBXResourcesBuildPhase section */
		F95DB1152AAC922D0093ECBD /* Resources */ = {
			isa = PBXResourcesBuildPhase;
			buildActionMask = 2147483647;
			files = (
				F95DB1222AAC922F0093ECBD /* Preview Assets.xcassets in Resources */,
				F95DB11F2AAC922F0093ECBD /* Assets.xcassets in Resources */,
			);
			runOnlyForDeploymentPostprocessing = 0;
		};
/* End PBXResourcesBuildPhase section */

/* Begin PBXSourcesBuildPhase section */
		F95DB1132AAC922D0093ECBD /* Sources */ = {
			isa = PBXSourcesBuildPhase;
			buildActionMask = 2147483647;
			files = (
				F95DB1372AACA9FD0093ECBD /* IsPix.swift in Sources */,
				F95DB1342AACA96B0093ECBD /* CircleItem.swift in Sources */,
				F95DB13D2AACAD130093ECBD /* Moviment.swift in Sources */,
				F95DB1312AAC9E410093ECBD /* BalancesView.swift in Sources */,
				F95DB11D2AAC922D0093ECBD /* ContentView.swift in Sources */,
				F95DB12F2AAC9CC80093ECBD /* BalanceView.swift in Sources */,
				F95DB13B2AACAB160093ECBD /* Service.swift in Sources */,
				F95DB12D2AAC95860093ECBD /* HeaderView.swift in Sources */,
				F95DB13F2AACC7DF0093ECBD /* Date.swift in Sources */,
				F95DB1392AACAA7E0093ECBD /* Balance.swift in Sources */,
				F95DB11B2AAC922D0093ECBD /* Your_FinancesApp.swift in Sources */,
			);
			runOnlyForDeploymentPostprocessing = 0;
		};
/* End PBXSourcesBuildPhase section */

/* Begin XCBuildConfiguration section */
		F95DB1232AAC922F0093ECBD /* Debug */ = {
			isa = XCBuildConfiguration;
			buildSettings = {
				ALWAYS_SEARCH_USER_PATHS = NO;
				CLANG_ANALYZER_NONNULL = YES;
				CLANG_ANALYZER_NUMBER_OBJECT_CONVERSION = YES_AGGRESSIVE;
				CLANG_CXX_LANGUAGE_STANDARD = "gnu++20";
				CLANG_ENABLE_MODULES = YES;
				CLANG_ENABLE_OBJC_ARC = YES;
				CLANG_ENABLE_OBJC_WEAK = YES;
				CLANG_WARN_BLOCK_CAPTURE_AUTORELEASING = YES;
				CLANG_WARN_BOOL_CONVERSION = YES;
				CLANG_WARN_COMMA = YES;
				CLANG_WARN_CONSTANT_CONVERSION = YES;
				CLANG_WARN_DEPRECATED_OBJC_IMPLEMENTATIONS = YES;
				CLANG_WARN_DIRECT_OBJC_ISA_USAGE = YES_ERROR;
				CLANG_WARN_DOCUMENTATION_COMMENTS = YES;
				CLANG_WARN_EMPTY_BODY = YES;
				CLANG_WARN_ENUM_CONVERSION = YES;
				CLANG_WARN_INFINITE_RECURSION = YES;
				CLANG_WARN_INT_CONVERSION = YES;
				CLANG_WARN_NON_LITERAL_NULL_CONVERSION = YES;
				CLANG_WARN_OBJC_IMPLICIT_RETAIN_SELF = YES;
				CLANG_WARN_OBJC_LITERAL_CONVERSION = YES;
				CLANG_WARN_OBJC_ROOT_CLASS = YES_ERROR;
				CLANG_WARN_QUOTED_INCLUDE_IN_FRAMEWORK_HEADER = YES;
				CLANG_WARN_RANGE_LOOP_ANALYSIS = YES;
				CLANG_WARN_STRICT_PROTOTYPES = YES;
				CLANG_WARN_SUSPICIOUS_MOVE = YES;
				CLANG_WARN_UNGUARDED_AVAILABILITY = YES_AGGRESSIVE;
				CLANG_WARN_UNREACHABLE_CODE = YES;
				CLANG_WARN__DUPLICATE_METHOD_MATCH = YES;
				COPY_PHASE_STRIP = NO;
				DEBUG_INFORMATION_FORMAT = dwarf;
				ENABLE_STRICT_OBJC_MSGSEND = YES;
				ENABLE_TESTABILITY = YES;
				GCC_C_LANGUAGE_STANDARD = gnu11;
				GCC_DYNAMIC_NO_PIC = NO;
				GCC_NO_COMMON_BLOCKS = YES;
				GCC_OPTIMIZATION_LEVEL = 0;
				GCC_PREPROCESSOR_DEFINITIONS = (
					"DEBUG=1",
					"$(inherited)",
				);
				GCC_WARN_64_TO_32_BIT_CONVERSION = YES;
				GCC_WARN_ABOUT_RETURN_TYPE = YES_ERROR;
				GCC_WARN_UNDECLARED_SELECTOR = YES;
				GCC_WARN_UNINITIALIZED_AUTOS = YES_AGGRESSIVE;
				GCC_WARN_UNUSED_FUNCTION = YES;
				GCC_WARN_UNUSED_VARIABLE = YES;
				IPHONEOS_DEPLOYMENT_TARGET = 16.1;
				MTL_ENABLE_DEBUG_INFO = INCLUDE_SOURCE;
				MTL_FAST_MATH = YES;
				ONLY_ACTIVE_ARCH = YES;
				SDKROOT = iphoneos;
				SWIFT_ACTIVE_COMPILATION_CONDITIONS = DEBUG;
				SWIFT_OPTIMIZATION_LEVEL = "-Onone";
			};
			name = Debug;
		};
		F95DB1242AAC922F0093ECBD /* Release */ = {
			isa = XCBuildConfiguration;
			buildSettings = {
				ALWAYS_SEARCH_USER_PATHS = NO;
				CLANG_ANALYZER_NONNULL = YES;
				CLANG_ANALYZER_NUMBER_OBJECT_CONVERSION = YES_AGGRESSIVE;
				CLANG_CXX_LANGUAGE_STANDARD = "gnu++20";
				CLANG_ENABLE_MODULES = YES;
				CLANG_ENABLE_OBJC_ARC = YES;
				CLANG_ENABLE_OBJC_WEAK = YES;
				CLANG_WARN_BLOCK_CAPTURE_AUTORELEASING = YES;
				CLANG_WARN_BOOL_CONVERSION = YES;
				CLANG_WARN_COMMA = YES;
				CLANG_WARN_CONSTANT_CONVERSION = YES;
				CLANG_WARN_DEPRECATED_OBJC_IMPLEMENTATIONS = YES;
				CLANG_WARN_DIRECT_OBJC_ISA_USAGE = YES_ERROR;
				CLANG_WARN_DOCUMENTATION_COMMENTS = YES;
				CLANG_WARN_EMPTY_BODY = YES;
				CLANG_WARN_ENUM_CONVERSION = YES;
				CLANG_WARN_INFINITE_RECURSION = YES;
				CLANG_WARN_INT_CONVERSION = YES;
				CLANG_WARN_NON_LITERAL_NULL_CONVERSION = YES;
				CLANG_WARN_OBJC_IMPLICIT_RETAIN_SELF = YES;
				CLANG_WARN_OBJC_LITERAL_CONVERSION = YES;
				CLANG_WARN_OBJC_ROOT_CLASS = YES_ERROR;
				CLANG_WARN_QUOTED_INCLUDE_IN_FRAMEWORK_HEADER = YES;
				CLANG_WARN_RANGE_LOOP_ANALYSIS = YES;
				CLANG_WARN_STRICT_PROTOTYPES = YES;
				CLANG_WARN_SUSPICIOUS_MOVE = YES;
				CLANG_WARN_UNGUARDED_AVAILABILITY = YES_AGGRESSIVE;
				CLANG_WARN_UNREACHABLE_CODE = YES;
				CLANG_WARN__DUPLICATE_METHOD_MATCH = YES;
				COPY_PHASE_STRIP = NO;
				DEBUG_INFORMATION_FORMAT = "dwarf-with-dsym";
				ENABLE_NS_ASSERTIONS = NO;
				ENABLE_STRICT_OBJC_MSGSEND = YES;
				GCC_C_LANGUAGE_STANDARD = gnu11;
				GCC_NO_COMMON_BLOCKS = YES;
				GCC_WARN_64_TO_32_BIT_CONVERSION = YES;
				GCC_WARN_ABOUT_RETURN_TYPE = YES_ERROR;
				GCC_WARN_UNDECLARED_SELECTOR = YES;
				GCC_WARN_UNINITIALIZED_AUTOS = YES_AGGRESSIVE;
				GCC_WARN_UNUSED_FUNCTION = YES;
				GCC_WARN_UNUSED_VARIABLE = YES;
				IPHONEOS_DEPLOYMENT_TARGET = 16.1;
				MTL_ENABLE_DEBUG_INFO = NO;
				MTL_FAST_MATH = YES;
				SDKROOT = iphoneos;
				SWIFT_COMPILATION_MODE = wholemodule;
				SWIFT_OPTIMIZATION_LEVEL = "-O";
				VALIDATE_PRODUCT = YES;
			};
			name = Release;
		};
		F95DB1262AAC922F0093ECBD /* Debug */ = {
			isa = XCBuildConfiguration;
			buildSettings = {
				ASSETCATALOG_COMPILER_APPICON_NAME = AppIcon;
				ASSETCATALOG_COMPILER_GLOBAL_ACCENT_COLOR_NAME = AccentColor;
				CODE_SIGN_STYLE = Automatic;
				CURRENT_PROJECT_VERSION = 1;
				DEVELOPMENT_ASSET_PATHS = "\"Your Finances/Resources/Preview Content\"";
				DEVELOPMENT_TEAM = V5644P74A6;
				ENABLE_PREVIEWS = YES;
				GENERATE_INFOPLIST_FILE = YES;
				INFOPLIST_KEY_UIApplicationSceneManifest_Generation = YES;
				INFOPLIST_KEY_UIApplicationSupportsIndirectInputEvents = YES;
				INFOPLIST_KEY_UILaunchScreen_Generation = YES;
				INFOPLIST_KEY_UISupportedInterfaceOrientations_iPad = "UIInterfaceOrientationPortrait UIInterfaceOrientationPortraitUpsideDown UIInterfaceOrientationLandscapeLeft UIInterfaceOrientationLandscapeRight";
				INFOPLIST_KEY_UISupportedInterfaceOrientations_iPhone = "UIInterfaceOrientationPortrait UIInterfaceOrientationLandscapeLeft UIInterfaceOrientationLandscapeRight";
				LD_RUNPATH_SEARCH_PATHS = (
					"$(inherited)",
					"@executable_path/Frameworks",
				);
				MARKETING_VERSION = 1.0;
				PRODUCT_BUNDLE_IDENTIFIER = "welliton.Your-Finances";
				PRODUCT_NAME = "$(TARGET_NAME)";
				SWIFT_EMIT_LOC_STRINGS = YES;
				SWIFT_VERSION = 5.0;
				TARGETED_DEVICE_FAMILY = "1,2";
			};
			name = Debug;
		};
		F95DB1272AAC922F0093ECBD /* Release */ = {
			isa = XCBuildConfiguration;
			buildSettings = {
				ASSETCATALOG_COMPILER_APPICON_NAME = AppIcon;
				ASSETCATALOG_COMPILER_GLOBAL_ACCENT_COLOR_NAME = AccentColor;
				CODE_SIGN_STYLE = Automatic;
				CURRENT_PROJECT_VERSION = 1;
				DEVELOPMENT_ASSET_PATHS = "\"Your Finances/Resources/Preview Content\"";
				DEVELOPMENT_TEAM = V5644P74A6;
				ENABLE_PREVIEWS = YES;
				GENERATE_INFOPLIST_FILE = YES;
				INFOPLIST_KEY_UIApplicationSceneManifest_Generation = YES;
				INFOPLIST_KEY_UIApplicationSupportsIndirectInputEvents = YES;
				INFOPLIST_KEY_UILaunchScreen_Generation = YES;
				INFOPLIST_KEY_UISupportedInterfaceOrientations_iPad = "UIInterfaceOrientationPortrait UIInterfaceOrientationPortraitUpsideDown UIInterfaceOrientationLandscapeLeft UIInterfaceOrientationLandscapeRight";
				INFOPLIST_KEY_UISupportedInterfaceOrientations_iPhone = "UIInterfaceOrientationPortrait UIInterfaceOrientationLandscapeLeft UIInterfaceOrientationLandscapeRight";
				LD_RUNPATH_SEARCH_PATHS = (
					"$(inherited)",
					"@executable_path/Frameworks",
				);
				MARKETING_VERSION = 1.0;
				PRODUCT_BUNDLE_IDENTIFIER = "welliton.Your-Finances";
				PRODUCT_NAME = "$(TARGET_NAME)";
				SWIFT_EMIT_LOC_STRINGS = YES;
				SWIFT_VERSION = 5.0;
				TARGETED_DEVICE_FAMILY = "1,2";
			};
			name = Release;
		};
/* End XCBuildConfiguration section */

/* Begin XCConfigurationList section */
		F95DB1122AAC922D0093ECBD /* Build configuration list for PBXProject "Your Finances" */ = {
			isa = XCConfigurationList;
			buildConfigurations = (
				F95DB1232AAC922F0093ECBD /* Debug */,
				F95DB1242AAC922F0093ECBD /* Release */,
			);
			defaultConfigurationIsVisible = 0;
			defaultConfigurationName = Release;
		};
		F95DB1252AAC922F0093ECBD /* Build configuration list for PBXNativeTarget "Your Finances" */ = {
			isa = XCConfigurationList;
			buildConfigurations = (
				F95DB1262AAC922F0093ECBD /* Debug */,
				F95DB1272AAC922F0093ECBD /* Release */,
			);
			defaultConfigurationIsVisible = 0;
			defaultConfigurationName = Release;
		};
/* End XCConfigurationList section */
	};
	rootObject = F95DB10F2AAC922D0093ECBD /* Project object */;
}
